
Microsoft Visual Studio Solution File, Format Version 12.00
# Visual Studio Version 17
VisualStudioVersion = 17.6.33829.357
MinimumVisualStudioVersion = 10.0.40219.1
Project("{FAE04EC0-301F-11D3-BF4B-00C04F79EFBC}") = "TestPandape.API", "TestPandape.API.csproj", "{06BA41D1-2CA2-4D38-8ECD-7F6268D3157A}"
EndProject
Project("{FAE04EC0-301F-11D3-BF4B-00C04F79EFBC}") = "TestPandape.Business", "..\TestPandape.Business\TestPandape.Business.csproj", "{590DDD93-1E33-4221-81F5-FF5F0B83DA41}"
EndProject
Project("{FAE04EC0-301F-11D3-BF4B-00C04F79EFBC}") = "TestPandape.Entity", "..\TestPandape.Entity\TestPandape.Entity.csproj", "{245F2BDD-CA6A-4A95-B72F-E1039A339232}"
EndProject
Project("{FAE04EC0-301F-11D3-BF4B-00C04F79EFBC}") = "TestPandape.Repository", "..\TestPandape.Repository\TestPandape.Repository.csproj", "{FEB270D9-3B9F-4564-847E-0F05313D4FC3}"
EndProject
Project("{FAE04EC0-301F-11D3-BF4B-00C04F79EFBC}") = "TestPandape.Lib", "..\TestPandape.Utils\TestPandape.Lib.csproj", "{EBA9A9EF-C606-4BA1-91F0-F175A58CAF03}"
EndProject
Global
	GlobalSection(SolutionConfigurationPlatforms) = preSolution
		Debug|Any CPU = Debug|Any CPU
		Release|Any CPU = Release|Any CPU
	EndGlobalSection
	GlobalSection(ProjectConfigurationPlatforms) = postSolution
		{06BA41D1-2CA2-4D38-8ECD-7F6268D3157A}.Debug|Any CPU.ActiveCfg = Debug|Any CPU
		{06BA41D1-2CA2-4D38-8ECD-7F6268D3157A}.Debug|Any CPU.Build.0 = Debug|Any CPU
		{06BA41D1-2CA2-4D38-8ECD-7F6268D3157A}.Release|Any CPU.ActiveCfg = Release|Any CPU
		{06BA41D1-2CA2-4D38-8ECD-7F6268D3157A}.Release|Any CPU.Build.0 = Release|Any CPU
		{590DDD93-1E33-4221-81F5-FF5F0B83DA41}.Debug|Any CPU.ActiveCfg = Debug|Any CPU
		{590DDD93-1E33-4221-81F5-FF5F0B83DA41}.Debug|Any CPU.Build.0 = Debug|Any CPU
		{590DDD93-1E33-4221-81F5-FF5F0B83DA41}.Release|Any CPU.ActiveCfg = Release|Any CPU
		{590DDD93-1E33-4221-81F5-FF5F0B83DA41}.Release|Any CPU.Build.0 = Release|Any CPU
		{245F2BDD-CA6A-4A95-B72F-E1039A339232}.Debug|Any CPU.ActiveCfg = Debug|Any CPU
		{245F2BDD-CA6A-4A95-B72F-E1039A339232}.Debug|Any CPU.Build.0 = Debug|Any CPU
		{245F2BDD-CA6A-4A95-B72F-E1039A339232}.Release|Any CPU.ActiveCfg = Release|Any CPU
		{245F2BDD-CA6A-4A95-B72F-E1039A339232}.Release|Any CPU.Build.0 = Release|Any CPU
		{FEB270D9-3B9F-4564-847E-0F05313D4FC3}.Debug|Any CPU.ActiveCfg = Debug|Any CPU
		{FEB270D9-3B9F-4564-847E-0F05313D4FC3}.Debug|Any CPU.Build.0 = Debug|Any CPU
		{FEB270D9-3B9F-4564-847E-0F05313D4FC3}.Release|Any CPU.ActiveCfg = Release|Any CPU
		{FEB270D9-3B9F-4564-847E-0F05313D4FC3}.Release|Any CPU.Build.0 = Release|Any CPU
		{EBA9A9EF-C606-4BA1-91F0-F175A58CAF03}.Debug|Any CPU.ActiveCfg = Debug|Any CPU
		{EBA9A9EF-C606-4BA1-91F0-F175A58CAF03}.Debug|Any CPU.Build.0 = Debug|Any CPU
		{EBA9A9EF-C606-4BA1-91F0-F175A58CAF03}.Release|Any CPU.ActiveCfg = Release|Any CPU
		{EBA9A9EF-C606-4BA1-91F0-F175A58CAF03}.Release|Any CPU.Build.0 = Release|Any CPU
	EndGlobalSection
	GlobalSection(SolutionProperties) = preSolution
		HideSolutionNode = FALSE
	EndGlobalSection
	GlobalSection(ExtensibilityGlobals) = postSolution
		SolutionGuid = {06FC8C0A-4AB0-423E-BA0B-F3136362641A}
	EndGlobalSection
EndGlobal
